
Microsoft Visual Studio Solution File, Format Version 12.00
# Visual Studio Version 17
VisualStudioVersion = 17.4.33213.308
MinimumVisualStudioVersion = 10.0.40219.1
Project("{FAE04EC0-301F-11D3-BF4B-00C04F79EFBC}") = "Method", "Method\Method.csproj", "{BC203329-8ED7-45CD-A628-52DDB56137CA}"
EndProject
Global
	GlobalSection(SolutionConfigurationPlatforms) = preSolution
		Debug|Any CPU = Debug|Any CPU
		Release|Any CPU = Release|Any CPU
	EndGlobalSection
	GlobalSection(ProjectConfigurationPlatforms) = postSolution
		{BC203329-8ED7-45CD-A628-52DDB56137CA}.Debug|Any CPU.ActiveCfg = Debug|Any CPU
		{BC203329-8ED7-45CD-A628-52DDB56137CA}.Debug|Any CPU.Build.0 = Debug|Any CPU
		{BC203329-8ED7-45CD-A628-52DDB56137CA}.Release|Any CPU.ActiveCfg = Release|Any CPU
		{BC203329-8ED7-45CD-A628-52DDB56137CA}.Release|Any CPU.Build.0 = Release|Any CPU
	EndGlobalSection
	GlobalSection(SolutionProperties) = preSolution
		HideSolutionNode = FALSE
	EndGlobalSection
	GlobalSection(ExtensibilityGlobals) = postSolution
		SolutionGuid = {1B580692-28D3-4431-AF01-6B0EC75668D7}
	EndGlobalSection
EndGlobal
